Microsoft Visual Studio Solution File, Format Version 11.00
# Visual Studio 2008

Project("{C1FF47F7-0735-9D78-0D1A-0D7635B2D25C}") = "NFYLS", "Assembly-CSharp.csproj", "{F2B3136E-2B7F-172C-C72A-BE5448958087}"
EndProject
Global
	GlobalSection(SolutionConfigurationPlatforms) = preSolution
		Debug|Any CPU = Debug|Any CPU
		Release|Any CPU = Release|Any CPU
	EndGlobalSection
	GlobalSection(ProjectConfigurationPlatforms) = postSolution
		{F2B3136E-2B7F-172C-C72A-BE5448958087}.Debug|Any CPU.ActiveCfg = Debug|Any CPU
		{F2B3136E-2B7F-172C-C72A-BE5448958087}.Debug|Any CPU.Build.0 = Debug|Any CPU
		{F2B3136E-2B7F-172C-C72A-BE5448958087}.Release|Any CPU.ActiveCfg = Release|Any CPU
		{F2B3136E-2B7F-172C-C72A-BE5448958087}.Release|Any CPU.Build.0 = Release|Any CPU
	EndGlobalSection
	GlobalSection(SolutionProperties) = preSolution
		HideSolutionNode = FALSE
	EndGlobalSection
	GlobalSection(MonoDevelopProperties) = preSolution
		StartupItem = Assembly-CSharp.csproj
	EndGlobalSection
EndGlobal
